
Microsoft Visual Studio Solution File, Format Version 12.00
# Visual Studio Version 16
VisualStudioVersion = 16.0.29911.84
MinimumVisualStudioVersion = 10.0.40219.1
Project("{FAE04EC0-301F-11D3-BF4B-00C04F79EFBC}") = "chess3", "chess3\chess3.csproj", "{68D49168-A559-4401-84EF-4FCEADBB8B91}"
EndProject
Global
	GlobalSection(SolutionConfigurationPlatforms) = preSolution
		Debug|Any CPU = Debug|Any CPU
		Release|Any CPU = Release|Any CPU
	EndGlobalSection
	GlobalSection(ProjectConfigurationPlatforms) = postSolution
		{68D49168-A559-4401-84EF-4FCEADBB8B91}.Debug|Any CPU.ActiveCfg = Debug|Any CPU
		{68D49168-A559-4401-84EF-4FCEADBB8B91}.Debug|Any CPU.Build.0 = Debug|Any CPU
		{68D49168-A559-4401-84EF-4FCEADBB8B91}.Release|Any CPU.ActiveCfg = Release|Any CPU
		{68D49168-A559-4401-84EF-4FCEADBB8B91}.Release|Any CPU.Build.0 = Release|Any CPU
	EndGlobalSection
	GlobalSection(SolutionProperties) = preSolution
		HideSolutionNode = FALSE
	EndGlobalSection
	GlobalSection(ExtensibilityGlobals) = postSolution
		SolutionGuid = {37310CE2-C488-4354-BEB5-49D6967076C3}
	EndGlobalSection
EndGlobal
